{
  "nodes": {
    "nix-gleam": {
      "inputs": {
        "nixpkgs": [
          "nixpkgs"
        ]
      },
      "locked": {
        "lastModified": 1782483386,
        "narHash": "sha256-zihWKNVDxH1eNWiKshseP7PRuJUNs+i/qwu/HMHQ2Z0=",
        "owner": "arnarg",
        "repo": "nix-gleam",
        "rev": "347afd30f4d2701d16913f285f430731343cd96f",
        "type": "github"
      },
      "original": {
        "owner": "arnarg",
        "ref": "main",
        "repo": "nix-gleam",
        "type": "github"
      }
    },
    "nixpkgs": {
      "locked": {
        "lastModified": 1786098110,
        "narHash": "sha256-shi1tjDhCGGd0kIgVPNY03V8NBWSTzhMSFDb7IqSoec=",
        "owner": "NixOS",
        "repo": "nixpkgs",
        "rev": "afb4584a80bbf779ce0f691509ff902d188c2b3d",
        "type": "github"
      },
      "original": {
        "owner": "NixOS",
        "ref": "nixpkgs-unstable",
        "repo": "nixpkgs",
        "type": "github"
      }
    },
    "nixpkgs-logseq": {
      "locked": {
        "lastModified": 1779964555,
        "narHash": "sha256-RY2mq4v5Imb1wE0tZFGSLRTu60vpmAN19CFrRVIUmks=",
        "owner": "NixOS",
        "repo": "nixpkgs",
        "rev": "ec0c722e017dfccbb2f66a8aafbe003320266d33",
        "type": "github"
      },
      "original": {
        "owner": "NixOS",
        "repo": "nixpkgs",
        "rev": "ec0c722e017dfccbb2f66a8aafbe003320266d33",
        "type": "github"
      }
    },
    "root": {
      "inputs": {
        "nix-gleam": "nix-gleam",
        "nixpkgs": "nixpkgs",
        "nixpkgs-logseq": "nixpkgs-logseq"
      }
    }
  },
  "root": "root",
  "version": 7
}
